
Microsoft Visual Studio Solution File, Format Version 12.00
# 
Project("{FAE04EC0-301F-11D3-BF4B-00C04F79EFBC}") = "ACM.BL", "ACM.BL\ACM.BL.csproj", "{B0BAC055-E58F-4EBD-9EF7-FF8296873B01}"
EndProject
Project("{2150E333-8FDC-42A3-9474-1A3956D46DE8}") = "Tests", "Tests", "{F6C4ECA2-C75A-4A21-A1CC-EB17E00ABCE5}"
EndProject
Project("{FAE04EC0-301F-11D3-BF4B-00C04F79EFBC}") = "ACM.BLTest", "Tests\ACM.BLTest\ACM.BLTest.csproj", "{CE766B74-5242-40F4-A952-860F5CF077C7}"
EndProject
Global
	GlobalSection(SolutionConfigurationPlatforms) = preSolution
		Debug|Any CPU = Debug|Any CPU
		Release|Any CPU = Release|Any CPU
	EndGlobalSection
	GlobalSection(ProjectConfigurationPlatforms) = postSolution
		{B0BAC055-E58F-4EBD-9EF7-FF8296873B01}.Debug|Any CPU.ActiveCfg = Debug|Any CPU
		{B0BAC055-E58F-4EBD-9EF7-FF8296873B01}.Debug|Any CPU.Build.0 = Debug|Any CPU
		{B0BAC055-E58F-4EBD-9EF7-FF8296873B01}.Release|Any CPU.ActiveCfg = Release|Any CPU
		{B0BAC055-E58F-4EBD-9EF7-FF8296873B01}.Release|Any CPU.Build.0 = Release|Any CPU
		{CE766B74-5242-40F4-A952-860F5CF077C7}.Debug|Any CPU.ActiveCfg = Debug|Any CPU
		{CE766B74-5242-40F4-A952-860F5CF077C7}.Debug|Any CPU.Build.0 = Debug|Any CPU
		{CE766B74-5242-40F4-A952-860F5CF077C7}.Release|Any CPU.ActiveCfg = Debug|Any CPU
		{CE766B74-5242-40F4-A952-860F5CF077C7}.Release|Any CPU.Build.0 = Debug|Any CPU
	EndGlobalSection
	GlobalSection(NestedProjects) = preSolution
		{CE766B74-5242-40F4-A952-860F5CF077C7} = {F6C4ECA2-C75A-4A21-A1CC-EB17E00ABCE5}
	EndGlobalSection
EndGlobal
